
Microsoft Visual Studio Solution File, Format Version 12.00
# Visual Studio Version 16
VisualStudioVersion = 16.0.29209.62
MinimumVisualStudioVersion = 10.0.40219.1
Project("{9A19103F-16F7-4668-BE54-9A1E7A4F7556}") = "Checkout.Services", "Checkout.Services\Checkout.Services.csproj", "{5349DF5C-D974-4719-8AAB-4BA3104A97B5}"
EndProject
Project("{FAE04EC0-301F-11D3-BF4B-00C04F79EFBC}") = "Checkout.Services.Tests", "Checkout.Services.Tests\Checkout.Services.Tests.csproj", "{E4A6460F-9B32-4C72-B52A-E6E38748C240}"
EndProject
Global
	GlobalSection(SolutionConfigurationPlatforms) = preSolution
		Debug|Any CPU = Debug|Any CPU
		Release|Any CPU = Release|Any CPU
	EndGlobalSection
	GlobalSection(ProjectConfigurationPlatforms) = postSolution
		{5349DF5C-D974-4719-8AAB-4BA3104A97B5}.Debug|Any CPU.ActiveCfg = Debug|Any CPU
		{5349DF5C-D974-4719-8AAB-4BA3104A97B5}.Debug|Any CPU.Build.0 = Debug|Any CPU
		{5349DF5C-D974-4719-8AAB-4BA3104A97B5}.Release|Any CPU.ActiveCfg = Release|Any CPU
		{5349DF5C-D974-4719-8AAB-4BA3104A97B5}.Release|Any CPU.Build.0 = Release|Any CPU
		{E4A6460F-9B32-4C72-B52A-E6E38748C240}.Debug|Any CPU.ActiveCfg = Debug|Any CPU
		{E4A6460F-9B32-4C72-B52A-E6E38748C240}.Debug|Any CPU.Build.0 = Debug|Any CPU
		{E4A6460F-9B32-4C72-B52A-E6E38748C240}.Release|Any CPU.ActiveCfg = Release|Any CPU
		{E4A6460F-9B32-4C72-B52A-E6E38748C240}.Release|Any CPU.Build.0 = Release|Any CPU
	EndGlobalSection
	GlobalSection(SolutionProperties) = preSolution
		HideSolutionNode = FALSE
	EndGlobalSection
	GlobalSection(ExtensibilityGlobals) = postSolution
		SolutionGuid = {83CAE06D-4144-4F19-95D8-5E110DC6DD32}
	EndGlobalSection
EndGlobal
